PODS:
  - JGNavigationBarTransition (0.1.0)

DEPENDENCIES:
  - JGNavigationBarTransition (from `../`)

EXTERNAL SOURCES:
  JGNavigationBarTransition:
    :path: "../"

SPEC CHECKSUMS:
  JGNavigationBarTransition: 1d49ee7d6d9d44f6f918cbb786803d57b8db907c

PODFILE CHECKSUM: 391637d45564f6e06a8296ac560c0faa7591da1c

COCOAPODS: 1.7.1
