PODS:
  - JGNavigationBarTransition (1.0.0)

DEPENDENCIES:
  - JGNavigationBarTransition (from `../`)

EXTERNAL SOURCES:
  JGNavigationBarTransition:
    :path: "../"

SPEC CHECKSUMS:
  JGNavigationBarTransition: 58952b90ad2f5ae3cd19443198cc2c1e8a300dff

PODFILE CHECKSUM: ac413ef6d33fe9b0d039892d113b9f275a02ae4c

COCOAPODS: 1.7.4
